
Microsoft Visual Studio Solution File, Format Version 12.00
# Visual Studio Version 16
VisualStudioVersion = 16.0.30517.126
MinimumVisualStudioVersion = 10.0.40219.1
Project("{FAE04EC0-301F-11D3-BF4B-00C04F79EFBC}") = "GCD0808.Programming.Syntax", "GCD0808.Programming.Syntax\GCD0808.Programming.Syntax.csproj", "{22B27CAE-19B8-41E6-9119-A00E6259C842}"
EndProject
Project("{FAE04EC0-301F-11D3-BF4B-00C04F79EFBC}") = "GCD0808.Programming.Array", "GCD0808.Programming.Array\GCD0808.Programming.Array.csproj", "{81487C58-2A98-4872-858D-A8243E9EA32A}"
EndProject
Project("{FAE04EC0-301F-11D3-BF4B-00C04F79EFBC}") = "GCD0808.Programming.Methods", "GCD0808.Programming.Methods\GCD0808.Programming.Methods.csproj", "{10A0D108-905D-4899-BDC5-32FDD47A1E0E}"
EndProject
Project("{FAE04EC0-301F-11D3-BF4B-00C04F79EFBC}") = "GCD0808.Programming.Lists", "GCD0808.Programming.Lists\GCD0808.Programming.Lists.csproj", "{102DB468-1E06-44A8-B580-3520B26F8866}"
EndProject
Project("{FAE04EC0-301F-11D3-BF4B-00C04F79EFBC}") = "GCD0808.Programming.DictLambdaLinQ", "GCD0808.Programming.DictLambdaLinQ\GCD0808.Programming.DictLambdaLinQ.csproj", "{9751E459-08D1-467E-B103-77E0C1BAFC48}"
EndProject
Project("{FAE04EC0-301F-11D3-BF4B-00C04F79EFBC}") = "ClassesAndObjects", "ClassesAndObjects\ClassesAndObjects.csproj", "{06A7ABD7-7341-41FD-8109-BB35E49E0F35}"
EndProject
Project("{FAE04EC0-301F-11D3-BF4B-00C04F79EFBC}") = "SimpleApp", "SimpleApp\SimpleApp.csproj", "{412D1D14-56E0-42D4-BFD8-9F4B6DDE973A}"
EndProject
Global
	GlobalSection(SolutionConfigurationPlatforms) = preSolution
		Debug|Any CPU = Debug|Any CPU
		Release|Any CPU = Release|Any CPU
	EndGlobalSection
	GlobalSection(ProjectConfigurationPlatforms) = postSolution
		{22B27CAE-19B8-41E6-9119-A00E6259C842}.Debug|Any CPU.ActiveCfg = Debug|Any CPU
		{22B27CAE-19B8-41E6-9119-A00E6259C842}.Debug|Any CPU.Build.0 = Debug|Any CPU
		{22B27CAE-19B8-41E6-9119-A00E6259C842}.Release|Any CPU.ActiveCfg = Release|Any CPU
		{22B27CAE-19B8-41E6-9119-A00E6259C842}.Release|Any CPU.Build.0 = Release|Any CPU
		{81487C58-2A98-4872-858D-A8243E9EA32A}.Debug|Any CPU.ActiveCfg = Debug|Any CPU
		{81487C58-2A98-4872-858D-A8243E9EA32A}.Debug|Any CPU.Build.0 = Debug|Any CPU
		{81487C58-2A98-4872-858D-A8243E9EA32A}.Release|Any CPU.ActiveCfg = Release|Any CPU
		{81487C58-2A98-4872-858D-A8243E9EA32A}.Release|Any CPU.Build.0 = Release|Any CPU
		{10A0D108-905D-4899-BDC5-32FDD47A1E0E}.Debug|Any CPU.ActiveCfg = Debug|Any CPU
		{10A0D108-905D-4899-BDC5-32FDD47A1E0E}.Debug|Any CPU.Build.0 = Debug|Any CPU
		{10A0D108-905D-4899-BDC5-32FDD47A1E0E}.Release|Any CPU.ActiveCfg = Release|Any CPU
		{10A0D108-905D-4899-BDC5-32FDD47A1E0E}.Release|Any CPU.Build.0 = Release|Any CPU
		{102DB468-1E06-44A8-B580-3520B26F8866}.Debug|Any CPU.ActiveCfg = Debug|Any CPU
		{102DB468-1E06-44A8-B580-3520B26F8866}.Debug|Any CPU.Build.0 = Debug|Any CPU
		{102DB468-1E06-44A8-B580-3520B26F8866}.Release|Any CPU.ActiveCfg = Release|Any CPU
		{102DB468-1E06-44A8-B580-3520B26F8866}.Release|Any CPU.Build.0 = Release|Any CPU
		{9751E459-08D1-467E-B103-77E0C1BAFC48}.Debug|Any CPU.ActiveCfg = Debug|Any CPU
		{9751E459-08D1-467E-B103-77E0C1BAFC48}.Debug|Any CPU.Build.0 = Debug|Any CPU
		{9751E459-08D1-467E-B103-77E0C1BAFC48}.Release|Any CPU.ActiveCfg = Release|Any CPU
		{9751E459-08D1-467E-B103-77E0C1BAFC48}.Release|Any CPU.Build.0 = Release|Any CPU
		{06A7ABD7-7341-41FD-8109-BB35E49E0F35}.Debug|Any CPU.ActiveCfg = Debug|Any CPU
		{06A7ABD7-7341-41FD-8109-BB35E49E0F35}.Debug|Any CPU.Build.0 = Debug|Any CPU
		{06A7ABD7-7341-41FD-8109-BB35E49E0F35}.Release|Any CPU.ActiveCfg = Release|Any CPU
		{06A7ABD7-7341-41FD-8109-BB35E49E0F35}.Release|Any CPU.Build.0 = Release|Any CPU
		{412D1D14-56E0-42D4-BFD8-9F4B6DDE973A}.Debug|Any CPU.ActiveCfg = Debug|Any CPU
		{412D1D14-56E0-42D4-BFD8-9F4B6DDE973A}.Debug|Any CPU.Build.0 = Debug|Any CPU
		{412D1D14-56E0-42D4-BFD8-9F4B6DDE973A}.Release|Any CPU.ActiveCfg = Release|Any CPU
		{412D1D14-56E0-42D4-BFD8-9F4B6DDE973A}.Release|Any CPU.Build.0 = Release|Any CPU
	EndGlobalSection
	GlobalSection(SolutionProperties) = preSolution
		HideSolutionNode = FALSE
	EndGlobalSection
	GlobalSection(ExtensibilityGlobals) = postSolution
		SolutionGuid = {D56B986B-3433-48F4-8DF2-5CE52674FA2F}
	EndGlobalSection
EndGlobal
